# THIS IS AN AUTOGENERATED FILE. DO NOT EDIT THIS FILE DIRECTLY.
# yarn lockfile v1


"@types/estree@0.0.39":
  version "0.0.39"
  resolved "https://registry.yarnpkg.com/@types/estree/-/estree-0.0.39.tgz#e177e699ee1b8c22d23174caaa7422644389509f"

"@types/node@*":
  version "10.5.2"
  resolved "https://registry.yarnpkg.com/@types/node/-/node-10.5.2.tgz#f19f05314d5421fe37e74153254201a7bf00a707"

abstract-leveldown@~0.12.0, abstract-leveldown@~0.12.1:
  version "0.12.4"
  resolved "https://registry.yarnpkg.com/abstract-leveldown/-/abstract-leveldown-0.12.4.tgz#29e18e632e60e4e221d5810247852a63d7b2e410"
  dependencies:
    xtend "~3.0.0"

acorn@^5.5.0:
  version "5.7.1"
  resolved "https://registry.yarnpkg.com/acorn/-/acorn-5.7.1.tgz#f095829297706a7c9776958c0afc8930a9b9d9d8"

aes-js@^0.2.3:
  version "0.2.4"
  resolved "https://registry.yarnpkg.com/aes-js/-/aes-js-0.2.4.tgz#94b881ab717286d015fa219e08fb66709dda5a3d"

ansi-styles@^3.2.1:
  version "3.2.1"
  resolved "https://registry.yarnpkg.com/ansi-styles/-/ansi-styles-3.2.1.tgz#41fbb20243e50b12be0f04b8dedbf07520ce841d"
  dependencies:
    color-convert "^1.9.0"

arr-diff@^2.0.0:
  version "2.0.0"
  resolved "https://registry.yarnpkg.com/arr-diff/-/arr-diff-2.0.0.tgz#8f3b827f955a8bd669697e4a4256ac3ceae356cf"
  dependencies:
    arr-flatten "^1.0.1"

arr-flatten@^1.0.1:
  version "1.1.0"
  resolved "https://registry.yarnpkg.com/arr-flatten/-/arr-flatten-1.1.0.tgz#36048bbff4e7b47e136644316c99669ea5ae91f1"

array-unique@^0.2.1:
  version "0.2.1"
  resolved "https://registry.yarnpkg.com/array-unique/-/array-unique-0.2.1.tgz#a1d97ccafcbc2625cc70fadceb36a50c58b01a53"

asn1.js@^4.0.0:
  version "4.10.1"
  resolved "https://registry.yarnpkg.com/asn1.js/-/asn1.js-4.10.1.tgz#b9c2bf5805f1e64aadeed6df3a2bfafb5a73f5a0"
  dependencies:
    bn.js "^4.0.0"
    inherits "^2.0.1"
    minimalistic-assert "^1.0.0"

base-x@^1.1.0:
  version "1.1.0"
  resolved "https://registry.yarnpkg.com/base-x/-/base-x-1.1.0.tgz#42d3d717474f9ea02207f6d1aa1f426913eeb7ac"

bindings@^1.2.1:
  version "1.3.0"
  resolved "https://registry.yarnpkg.com/bindings/-/bindings-1.3.0.tgz#b346f6ecf6a95f5a815c5839fc7cdb22502f1ed7"

bip66@^1.1.3:
  version "1.1.5"
  resolved "https://registry.yarnpkg.com/bip66/-/bip66-1.1.5.tgz#01fa8748785ca70955d5011217d1b3139969ca22"
  dependencies:
    safe-buffer "^5.0.1"

bl@~0.8.1:
  version "0.8.2"
  resolved "https://registry.yarnpkg.com/bl/-/bl-0.8.2.tgz#c9b6bca08d1bc2ea00fc8afb4f1a5fd1e1c66e4e"
  dependencies:
    readable-stream "~1.0.26"

bn.js@^4.0.0, bn.js@^4.1.0, bn.js@^4.1.1, bn.js@^4.11.0, bn.js@^4.11.3, bn.js@^4.4.0, bn.js@^4.8.0:
  version "4.11.8"
  resolved "https://registry.yarnpkg.com/bn.js/-/bn.js-4.11.8.tgz#2cde09eb5ee341f484746bb0309b3253b1b1442f"

braces@^1.8.2:
  version "1.8.5"
  resolved "https://registry.yarnpkg.com/braces/-/braces-1.8.5.tgz#ba77962e12dff969d6b76711e914b737857bf6a7"
  dependencies:
    expand-range "^1.8.1"
    preserve "^0.2.0"
    repeat-element "^1.1.2"

brorand@^1.0.1:
  version "1.1.0"
  resolved "https://registry.yarnpkg.com/brorand/-/brorand-1.1.0.tgz#12c25efe40a45e3c323eb8675a0a0ce57b22371f"

browserify-aes@^1.0.0, browserify-aes@^1.0.4, browserify-aes@^1.0.6:
  version "1.2.0"
  resolved "https://registry.yarnpkg.com/browserify-aes/-/browserify-aes-1.2.0.tgz#326734642f403dabc3003209853bb70ad428ef48"
  dependencies:
    buffer-xor "^1.0.3"
    cipher-base "^1.0.0"
    create-hash "^1.1.0"
    evp_bytestokey "^1.0.3"
    inherits "^2.0.1"
    safe-buffer "^5.0.1"

browserify-cipher@^1.0.0:
  version "1.0.1"
  resolved "https://registry.yarnpkg.com/browserify-cipher/-/browserify-cipher-1.0.1.tgz#8d6474c1b870bfdabcd3bcfcc1934a10e94f15f0"
  dependencies:
    browserify-aes "^1.0.4"
    browserify-des "^1.0.0"
    evp_bytestokey "^1.0.0"

browserify-des@^1.0.0:
  version "1.0.2"
  resolved "https://registry.yarnpkg.com/browserify-des/-/browserify-des-1.0.2.tgz#3af4f1f59839403572f1c66204375f7a7f703e9c"
  dependencies:
    cipher-base "^1.0.1"
    des.js "^1.0.0"
    inherits "^2.0.1"
    safe-buffer "^5.1.2"

browserify-fs@^1.0.0:
  version "1.0.0"
  resolved "https://registry.yarnpkg.com/browserify-fs/-/browserify-fs-1.0.0.tgz#f075aa8a729d4d1716d066620e386fcc1311a96f"
  dependencies:
    level-filesystem "^1.0.1"
    level-js "^2.1.3"
    levelup "^0.18.2"

browserify-rsa@^4.0.0:
  version "4.0.1"
  resolved "https://registry.yarnpkg.com/browserify-rsa/-/browserify-rsa-4.0.1.tgz#21e0abfaf6f2029cf2fafb133567a701d4135524"
  dependencies:
    bn.js "^4.1.0"
    randombytes "^2.0.1"

browserify-sha3@^0.0.1:
  version "0.0.1"
  resolved "https://registry.yarnpkg.com/browserify-sha3/-/browserify-sha3-0.0.1.tgz#3ff34a3006ef15c0fb3567e541b91a2340123d11"
  dependencies:
    js-sha3 "^0.3.1"

browserify-sign@^4.0.0:
  version "4.0.4"
  resolved "https://registry.yarnpkg.com/browserify-sign/-/browserify-sign-4.0.4.tgz#aa4eb68e5d7b658baa6bf6a57e630cbd7a93d298"
  dependencies:
    bn.js "^4.1.1"
    browserify-rsa "^4.0.0"
    create-hash "^1.1.0"
    create-hmac "^1.1.2"
    elliptic "^6.0.0"
    inherits "^2.0.1"
    parse-asn1 "^5.0.0"

bs58@^2.0.1:
  version "2.0.1"
  resolved "https://registry.yarnpkg.com/bs58/-/bs58-2.0.1.tgz#55908d58f1982aba2008fa1bed8f91998a29bf8d"

bs58@^3.1.0:
  version "3.1.0"
  resolved "https://registry.yarnpkg.com/bs58/-/bs58-3.1.0.tgz#d4c26388bf4804cac714141b1945aa47e5eb248e"
  dependencies:
    base-x "^1.1.0"

bs58check@^1.0.8:
  version "1.3.4"
  resolved "https://registry.yarnpkg.com/bs58check/-/bs58check-1.3.4.tgz#c52540073749117714fa042c3047eb8f9151cbf8"
  dependencies:
    bs58 "^3.1.0"
    create-hash "^1.1.0"

buffer-es6@^4.9.2, buffer-es6@^4.9.3:
  version "4.9.3"
  resolved "https://registry.yarnpkg.com/buffer-es6/-/buffer-es6-4.9.3.tgz#f26347b82df76fd37e18bcb5288c4970cfd5c404"

buffer-from@^1.0.0:
  version "1.1.0"
  resolved "https://registry.yarnpkg.com/buffer-from/-/buffer-from-1.1.0.tgz#87fcaa3a298358e0ade6e442cfce840740d1ad04"

buffer-xor@^1.0.3:
  version "1.0.3"
  resolved "https://registry.yarnpkg.com/buffer-xor/-/buffer-xor-1.0.3.tgz#26e61ed1422fb70dd42e6e36729ed51d855fe8d9"

builtin-modules@^2.0.0:
  version "2.0.0"
  resolved "https://registry.yarnpkg.com/builtin-modules/-/builtin-modules-2.0.0.tgz#60b7ef5ae6546bd7deefa74b08b62a43a232648e"

chalk@^2.3.0:
  version "2.4.1"
  resolved "https://registry.yarnpkg.com/chalk/-/chalk-2.4.1.tgz#18c49ab16a037b6eb0152cc83e3471338215b66e"
  dependencies:
    ansi-styles "^3.2.1"
    escape-string-regexp "^1.0.5"
    supports-color "^5.3.0"

ci-info@^1.0.0:
  version "1.1.3"
  resolved "https://registry.yarnpkg.com/ci-info/-/ci-info-1.1.3.tgz#710193264bb05c77b8c90d02f5aaf22216a667b2"

cipher-base@^1.0.0, cipher-base@^1.0.1, cipher-base@^1.0.3:
  version "1.0.4"
  resolved "https://registry.yarnpkg.com/cipher-base/-/cipher-base-1.0.4.tgz#8760e4ecc272f4c363532f926d874aae2c1397de"
  dependencies:
    inherits "^2.0.1"
    safe-buffer "^5.0.1"

clone@~0.1.9:
  version "0.1.19"
  resolved "https://registry.yarnpkg.com/clone/-/clone-0.1.19.tgz#613fb68639b26a494ac53253e15b1a6bd88ada85"

coinstring@^2.0.0:
  version "2.3.0"
  resolved "https://registry.yarnpkg.com/coinstring/-/coinstring-2.3.0.tgz#cdb63363a961502404a25afb82c2e26d5ff627a4"
  dependencies:
    bs58 "^2.0.1"
    create-hash "^1.1.1"

color-convert@^1.9.0:
  version "1.9.2"
  resolved "https://registry.yarnpkg.com/color-convert/-/color-convert-1.9.2.tgz#49881b8fba67df12a96bdf3f56c0aab9e7913147"
  dependencies:
    color-name "1.1.1"

color-name@1.1.1:
  version "1.1.1"
  resolved "https://registry.yarnpkg.com/color-name/-/color-name-1.1.1.tgz#4b1415304cf50028ea81643643bd82ea05803689"

concat-stream@^1.4.4:
  version "1.6.2"
  resolved "https://registry.yarnpkg.com/concat-stream/-/concat-stream-1.6.2.tgz#904bdf194cd3122fc675c77fc4ac3d4ff0fd1a34"
  dependencies:
    buffer-from "^1.0.0"
    inherits "^2.0.3"
    readable-stream "^2.2.2"
    typedarray "^0.0.6"

core-util-is@~1.0.0:
  version "1.0.2"
  resolved "https://registry.yarnpkg.com/core-util-is/-/core-util-is-1.0.2.tgz#b5fd54220aa2bc5ab57aab7140c940754503c1a7"

create-ecdh@^4.0.0:
  version "4.0.3"
  resolved "https://registry.yarnpkg.com/create-ecdh/-/create-ecdh-4.0.3.tgz#c9111b6f33045c4697f144787f9254cdc77c45ff"
  dependencies:
    bn.js "^4.1.0"
    elliptic "^6.0.0"

create-hash@^1.1.0, create-hash@^1.1.1, create-hash@^1.1.2:
  version "1.2.0"
  resolved "https://registry.yarnpkg.com/create-hash/-/create-hash-1.2.0.tgz#889078af11a63756bcfb59bd221996be3a9ef196"
  dependencies:
    cipher-base "^1.0.1"
    inherits "^2.0.1"
    md5.js "^1.3.4"
    ripemd160 "^2.0.1"
    sha.js "^2.4.0"

create-hmac@^1.1.0, create-hmac@^1.1.2, create-hmac@^1.1.4:
  version "1.1.7"
  resolved "https://registry.yarnpkg.com/create-hmac/-/create-hmac-1.1.7.tgz#69170c78b3ab957147b2b8b04572e47ead2243ff"
  dependencies:
    cipher-base "^1.0.3"
    create-hash "^1.1.0"
    inherits "^2.0.1"
    ripemd160 "^2.0.0"
    safe-buffer "^5.0.1"
    sha.js "^2.4.8"

cross-spawn@^5.0.1:
  version "5.1.0"
  resolved "https://registry.yarnpkg.com/cross-spawn/-/cross-spawn-5.1.0.tgz#e8bd0efee58fcff6f8f94510a0a554bbfa235449"
  dependencies:
    lru-cache "^4.0.1"
    shebang-command "^1.2.0"
    which "^1.2.9"

crypto-browserify@^3.11.0, crypto-browserify@^3.12.0:
  version "3.12.0"
  resolved "https://registry.yarnpkg.com/crypto-browserify/-/crypto-browserify-3.12.0.tgz#396cf9f3137f03e4b8e532c58f698254e00f80ec"
  dependencies:
    browserify-cipher "^1.0.0"
    browserify-sign "^4.0.0"
    create-ecdh "^4.0.0"
    create-hash "^1.1.0"
    create-hmac "^1.1.0"
    diffie-hellman "^5.0.0"
    inherits "^2.0.1"
    pbkdf2 "^3.0.3"
    public-encrypt "^4.0.0"
    randombytes "^2.0.0"
    randomfill "^1.0.3"

deferred-leveldown@~0.2.0:
  version "0.2.0"
  resolved "https://registry.yarnpkg.com/deferred-leveldown/-/deferred-leveldown-0.2.0.tgz#2cef1f111e1c57870d8bbb8af2650e587cd2f5b4"
  dependencies:
    abstract-leveldown "~0.12.1"

des.js@^1.0.0:
  version "1.0.0"
  resolved "https://registry.yarnpkg.com/des.js/-/des.js-1.0.0.tgz#c074d2e2aa6a8a9a07dbd61f9a15c2cd83ec8ecc"
  dependencies:
    inherits "^2.0.1"
    minimalistic-assert "^1.0.0"

diffie-hellman@^5.0.0:
  version "5.0.3"
  resolved "https://registry.yarnpkg.com/diffie-hellman/-/diffie-hellman-5.0.3.tgz#40e8ee98f55a2149607146921c63e1ae5f3d2875"
  dependencies:
    bn.js "^4.1.0"
    miller-rabin "^4.0.0"
    randombytes "^2.0.0"

drbg.js@^1.0.1:
  version "1.0.1"
  resolved "https://registry.yarnpkg.com/drbg.js/-/drbg.js-1.0.1.tgz#3e36b6c42b37043823cdbc332d58f31e2445480b"
  dependencies:
    browserify-aes "^1.0.6"
    create-hash "^1.1.2"
    create-hmac "^1.1.4"

elliptic@6.3.2:
  version "6.3.2"
  resolved "http://registry.npmjs.org/elliptic/-/elliptic-6.3.2.tgz#e4c81e0829cf0a65ab70e998b8232723b5c1bc48"
  dependencies:
    bn.js "^4.4.0"
    brorand "^1.0.1"
    hash.js "^1.0.0"
    inherits "^2.0.1"

elliptic@^6.0.0, elliptic@^6.2.3:
  version "6.4.0"
  resolved "https://registry.yarnpkg.com/elliptic/-/elliptic-6.4.0.tgz#cac9af8762c85836187003c8dfe193e5e2eae5df"
  dependencies:
    bn.js "^4.4.0"
    brorand "^1.0.1"
    hash.js "^1.0.0"
    hmac-drbg "^1.0.0"
    inherits "^2.0.1"
    minimalistic-assert "^1.0.0"
    minimalistic-crypto-utils "^1.0.0"

errno@^0.1.1, errno@~0.1.1:
  version "0.1.7"
  resolved "https://registry.yarnpkg.com/errno/-/errno-0.1.7.tgz#4684d71779ad39af177e3f007996f7c67c852618"
  dependencies:
    prr "~1.0.1"

escape-string-regexp@^1.0.5:
  version "1.0.5"
  resolved "https://registry.yarnpkg.com/escape-string-regexp/-/escape-string-regexp-1.0.5.tgz#1b61c0562190a8dff6ae3bb2cf0200ca130b86d4"

estree-walker@^0.5.1, estree-walker@^0.5.2:
  version "0.5.2"
  resolved "https://registry.yarnpkg.com/estree-walker/-/estree-walker-0.5.2.tgz#d3850be7529c9580d815600b53126515e146dd39"

ethereum-common@^0.0.18:
  version "0.0.18"
  resolved "https://registry.yarnpkg.com/ethereum-common/-/ethereum-common-0.0.18.tgz#2fdc3576f232903358976eb39da783213ff9523f"

ethereumjs-tx@^1.3.6:
  version "1.3.6"
  resolved "https://registry.yarnpkg.com/ethereumjs-tx/-/ethereumjs-tx-1.3.6.tgz#d581c1703b7b250b2e54892031626534d53e0a79"
  dependencies:
    ethereum-common "^0.0.18"
    ethereumjs-util "^5.0.0"

ethereumjs-util@^4.4.0:
  version "4.5.0"
  resolved "https://registry.yarnpkg.com/ethereumjs-util/-/ethereumjs-util-4.5.0.tgz#3e9428b317eebda3d7260d854fddda954b1f1bc6"
  dependencies:
    bn.js "^4.8.0"
    create-hash "^1.1.2"
    keccakjs "^0.2.0"
    rlp "^2.0.0"
    secp256k1 "^3.0.1"

ethereumjs-util@^5.0.0:
  version "5.2.0"
  resolved "https://registry.yarnpkg.com/ethereumjs-util/-/ethereumjs-util-5.2.0.tgz#3e0c0d1741471acf1036052d048623dee54ad642"
  dependencies:
    bn.js "^4.11.0"
    create-hash "^1.1.2"
    ethjs-util "^0.1.3"
    keccak "^1.0.2"
    rlp "^2.0.0"
    safe-buffer "^5.1.1"
    secp256k1 "^3.0.1"

ethereumjs-wallet@^0.6.0:
  version "0.6.0"
  resolved "https://registry.yarnpkg.com/ethereumjs-wallet/-/ethereumjs-wallet-0.6.0.tgz#82763b1697ee7a796be7155da9dfb49b2f98cfdb"
  dependencies:
    aes-js "^0.2.3"
    bs58check "^1.0.8"
    ethereumjs-util "^4.4.0"
    hdkey "^0.7.0"
    scrypt.js "^0.2.0"
    utf8 "^2.1.1"
    uuid "^2.0.1"

ethjs-account@^0.1.4:
  version "0.1.4"
  resolved "https://registry.yarnpkg.com/ethjs-account/-/ethjs-account-0.1.4.tgz#27a83786bd0c33b1625be8608dc22b009dbf7b87"
  dependencies:
    elliptic "6.3.2"
    ethjs-sha3 "0.1.2"
    randomhex "0.1.5"
    strip-hex-prefix "^1.0.0"

ethjs-sha3@0.1.2:
  version "0.1.2"
  resolved "https://registry.yarnpkg.com/ethjs-sha3/-/ethjs-sha3-0.1.2.tgz#e03f6c34a3c4206bdec28d4174d6d7ff066a15d2"
  dependencies:
    hash.js "1.0.3"

ethjs-util@^0.1.3:
  version "0.1.6"
  resolved "https://registry.yarnpkg.com/ethjs-util/-/ethjs-util-0.1.6.tgz#f308b62f185f9fe6237132fb2a9818866a5cd536"
  dependencies:
    is-hex-prefixed "1.0.0"
    strip-hex-prefix "1.0.0"

evp_bytestokey@^1.0.0, evp_bytestokey@^1.0.3:
  version "1.0.3"
  resolved "https://registry.yarnpkg.com/evp_bytestokey/-/evp_bytestokey-1.0.3.tgz#7fcbdb198dc71959432efe13842684e0525acb02"
  dependencies:
    md5.js "^1.3.4"
    safe-buffer "^5.1.1"

execa@^0.8.0:
  version "0.8.0"
  resolved "https://registry.yarnpkg.com/execa/-/execa-0.8.0.tgz#d8d76bbc1b55217ed190fd6dd49d3c774ecfc8da"
  dependencies:
    cross-spawn "^5.0.1"
    get-stream "^3.0.0"
    is-stream "^1.1.0"
    npm-run-path "^2.0.0"
    p-finally "^1.0.0"
    signal-exit "^3.0.0"
    strip-eof "^1.0.0"

expand-brackets@^0.1.4:
  version "0.1.5"
  resolved "https://registry.yarnpkg.com/expand-brackets/-/expand-brackets-0.1.5.tgz#df07284e342a807cd733ac5af72411e581d1177b"
  dependencies:
    is-posix-bracket "^0.1.0"

expand-range@^1.8.1:
  version "1.8.2"
  resolved "https://registry.yarnpkg.com/expand-range/-/expand-range-1.8.2.tgz#a299effd335fe2721ebae8e257ec79644fc85337"
  dependencies:
    fill-range "^2.1.0"

extglob@^0.3.1:
  version "0.3.2"
  resolved "https://registry.yarnpkg.com/extglob/-/extglob-0.3.2.tgz#2e18ff3d2f49ab2765cec9023f011daa8d8349a1"
  dependencies:
    is-extglob "^1.0.0"

filename-regex@^2.0.0:
  version "2.0.1"
  resolved "https://registry.yarnpkg.com/filename-regex/-/filename-regex-2.0.1.tgz#c1c4b9bee3e09725ddb106b75c1e301fe2f18b26"

fill-range@^2.1.0:
  version "2.2.4"
  resolved "https://registry.yarnpkg.com/fill-range/-/fill-range-2.2.4.tgz#eb1e773abb056dcd8df2bfdf6af59b8b3a936565"
  dependencies:
    is-number "^2.1.0"
    isobject "^2.0.0"
    randomatic "^3.0.0"
    repeat-element "^1.1.2"
    repeat-string "^1.5.2"

find-up@^2.1.0:
  version "2.1.0"
  resolved "https://registry.yarnpkg.com/find-up/-/find-up-2.1.0.tgz#45d1b7e506c717ddd482775a2b77920a3c0c57a7"
  dependencies:
    locate-path "^2.0.0"

for-in@^1.0.1:
  version "1.0.2"
  resolved "https://registry.yarnpkg.com/for-in/-/for-in-1.0.2.tgz#81068d295a8142ec0ac726c6e2200c30fb6d5e80"

for-own@^0.1.4:
  version "0.1.5"
  resolved "https://registry.yarnpkg.com/for-own/-/for-own-0.1.5.tgz#5265c681a4f294dabbf17c9509b6763aa84510ce"
  dependencies:
    for-in "^1.0.1"

foreach@~2.0.1:
  version "2.0.5"
  resolved "https://registry.yarnpkg.com/foreach/-/foreach-2.0.5.tgz#0bee005018aeb260d0a3af3ae658dd0136ec1b99"

fwd-stream@^1.0.4:
  version "1.0.4"
  resolved "https://registry.yarnpkg.com/fwd-stream/-/fwd-stream-1.0.4.tgz#ed281cabed46feecf921ee32dc4c50b372ac7cfa"
  dependencies:
    readable-stream "~1.0.26-4"

get-stream@^3.0.0:
  version "3.0.0"
  resolved "https://registry.yarnpkg.com/get-stream/-/get-stream-3.0.0.tgz#8e943d1358dc37555054ecbe2edb05aa174ede14"

glob-base@^0.3.0:
  version "0.3.0"
  resolved "https://registry.yarnpkg.com/glob-base/-/glob-base-0.3.0.tgz#dbb164f6221b1c0b1ccf82aea328b497df0ea3c4"
  dependencies:
    glob-parent "^2.0.0"
    is-glob "^2.0.0"

glob-parent@^2.0.0:
  version "2.0.0"
  resolved "https://registry.yarnpkg.com/glob-parent/-/glob-parent-2.0.0.tgz#81383d72db054fcccf5336daa902f182f6edbb28"
  dependencies:
    is-glob "^2.0.0"

has-flag@^3.0.0:
  version "3.0.0"
  resolved "https://registry.yarnpkg.com/has-flag/-/has-flag-3.0.0.tgz#b5d454dc2199ae225699f3467e5a07f3b955bafd"

hash-base@^3.0.0:
  version "3.0.4"
  resolved "https://registry.yarnpkg.com/hash-base/-/hash-base-3.0.4.tgz#5fc8686847ecd73499403319a6b0a3f3f6ae4918"
  dependencies:
    inherits "^2.0.1"
    safe-buffer "^5.0.1"

hash.js@1.0.3:
  version "1.0.3"
  resolved "https://registry.yarnpkg.com/hash.js/-/hash.js-1.0.3.tgz#1332ff00156c0a0ffdd8236013d07b77a0451573"
  dependencies:
    inherits "^2.0.1"

hash.js@^1.0.0, hash.js@^1.0.3:
  version "1.1.5"
  resolved "https://registry.yarnpkg.com/hash.js/-/hash.js-1.1.5.tgz#e38ab4b85dfb1e0c40fe9265c0e9b54854c23812"
  dependencies:
    inherits "^2.0.3"
    minimalistic-assert "^1.0.1"

hdkey@^0.7.0:
  version "0.7.1"
  resolved "https://registry.yarnpkg.com/hdkey/-/hdkey-0.7.1.tgz#caee4be81aa77921e909b8d228dd0f29acaee632"
  dependencies:
    coinstring "^2.0.0"
    secp256k1 "^3.0.1"

hmac-drbg@^1.0.0:
  version "1.0.1"
  resolved "https://registry.yarnpkg.com/hmac-drbg/-/hmac-drbg-1.0.1.tgz#d2745701025a6c775a6c545793ed502fc0c649a1"
  dependencies:
    hash.js "^1.0.3"
    minimalistic-assert "^1.0.0"
    minimalistic-crypto-utils "^1.0.1"

husky@^0.14.3:
  version "0.14.3"
  resolved "https://registry.yarnpkg.com/husky/-/husky-0.14.3.tgz#c69ed74e2d2779769a17ba8399b54ce0b63c12c3"
  dependencies:
    is-ci "^1.0.10"
    normalize-path "^1.0.0"
    strip-indent "^2.0.0"

idb-wrapper@^1.5.0:
  version "1.7.2"
  resolved "https://registry.yarnpkg.com/idb-wrapper/-/idb-wrapper-1.7.2.tgz#8251afd5e77fe95568b1c16152eb44b396767ea2"

ignore@^3.3.7:
  version "3.3.10"
  resolved "https://registry.yarnpkg.com/ignore/-/ignore-3.3.10.tgz#0a97fb876986e8081c631160f8f9f389157f0043"

indexof@~0.0.1:
  version "0.0.1"
  resolved "https://registry.yarnpkg.com/indexof/-/indexof-0.0.1.tgz#82dc336d232b9062179d05ab3293a66059fd435d"

inherits@^2.0.1, inherits@^2.0.3, inherits@~2.0.1, inherits@~2.0.3:
  version "2.0.3"
  resolved "https://registry.yarnpkg.com/inherits/-/inherits-2.0.3.tgz#633c2c83e3da42a502f52466022480f4208261de"

is-buffer@^1.1.5:
  version "1.1.6"
  resolved "https://registry.yarnpkg.com/is-buffer/-/is-buffer-1.1.6.tgz#efaa2ea9daa0d7ab2ea13a97b2b8ad51fefbe8be"

is-ci@^1.0.10:
  version "1.1.0"
  resolved "https://registry.yarnpkg.com/is-ci/-/is-ci-1.1.0.tgz#247e4162e7860cebbdaf30b774d6b0ac7dcfe7a5"
  dependencies:
    ci-info "^1.0.0"

is-dotfile@^1.0.0:
  version "1.0.3"
  resolved "https://registry.yarnpkg.com/is-dotfile/-/is-dotfile-1.0.3.tgz#a6a2f32ffd2dfb04f5ca25ecd0f6b83cf798a1e1"

is-equal-shallow@^0.1.3:
  version "0.1.3"
  resolved "https://registry.yarnpkg.com/is-equal-shallow/-/is-equal-shallow-0.1.3.tgz#2238098fc221de0bcfa5d9eac4c45d638aa1c534"
  dependencies:
    is-primitive "^2.0.0"

is-extendable@^0.1.1:
  version "0.1.1"
  resolved "https://registry.yarnpkg.com/is-extendable/-/is-extendable-0.1.1.tgz#62b110e289a471418e3ec36a617d472e301dfc89"

is-extglob@^1.0.0:
  version "1.0.0"
  resolved "https://registry.yarnpkg.com/is-extglob/-/is-extglob-1.0.0.tgz#ac468177c4943405a092fc8f29760c6ffc6206c0"

is-glob@^2.0.0, is-glob@^2.0.1:
  version "2.0.1"
  resolved "https://registry.yarnpkg.com/is-glob/-/is-glob-2.0.1.tgz#d096f926a3ded5600f3fdfd91198cb0888c2d863"
  dependencies:
    is-extglob "^1.0.0"

is-hex-prefixed@1.0.0:
  version "1.0.0"
  resolved "https://registry.yarnpkg.com/is-hex-prefixed/-/is-hex-prefixed-1.0.0.tgz#7d8d37e6ad77e5d127148913c573e082d777f554"

is-module@^1.0.0:
  version "1.0.0"
  resolved "https://registry.yarnpkg.com/is-module/-/is-module-1.0.0.tgz#3258fb69f78c14d5b815d664336b4cffb6441591"

is-number@^2.1.0:
  version "2.1.0"
  resolved "https://registry.yarnpkg.com/is-number/-/is-number-2.1.0.tgz#01fcbbb393463a548f2f466cce16dece49db908f"
  dependencies:
    kind-of "^3.0.2"

is-number@^4.0.0:
  version "4.0.0"
  resolved "https://registry.yarnpkg.com/is-number/-/is-number-4.0.0.tgz#0026e37f5454d73e356dfe6564699867c6a7f0ff"

is-object@~0.1.2:
  version "0.1.2"
  resolved "https://registry.yarnpkg.com/is-object/-/is-object-0.1.2.tgz#00efbc08816c33cfc4ac8251d132e10dc65098d7"

is-posix-bracket@^0.1.0:
  version "0.1.1"
  resolved "https://registry.yarnpkg.com/is-posix-bracket/-/is-posix-bracket-0.1.1.tgz#3334dc79774368e92f016e6fbc0a88f5cd6e6bc4"

is-primitive@^2.0.0:
  version "2.0.0"
  resolved "https://registry.yarnpkg.com/is-primitive/-/is-primitive-2.0.0.tgz#207bab91638499c07b2adf240a41a87210034575"

is-stream@^1.1.0:
  version "1.1.0"
  resolved "https://registry.yarnpkg.com/is-stream/-/is-stream-1.1.0.tgz#12d4a3dd4e68e0b79ceb8dbc84173ae80d91ca44"

is@~0.2.6:
  version "0.2.7"
  resolved "https://registry.yarnpkg.com/is/-/is-0.2.7.tgz#3b34a2c48f359972f35042849193ae7264b63562"

isarray@0.0.1:
  version "0.0.1"
  resolved "https://registry.yarnpkg.com/isarray/-/isarray-0.0.1.tgz#8a18acfca9a8f4177e09abfc6038939b05d1eedf"

isarray@1.0.0, isarray@~1.0.0:
  version "1.0.0"
  resolved "https://registry.yarnpkg.com/isarray/-/isarray-1.0.0.tgz#bb935d48582cba168c06834957a54a3e07124f11"

isbuffer@~0.0.0:
  version "0.0.0"
  resolved "https://registry.yarnpkg.com/isbuffer/-/isbuffer-0.0.0.tgz#38c146d9df528b8bf9b0701c3d43cf12df3fc39b"

isexe@^2.0.0:
  version "2.0.0"
  resolved "https://registry.yarnpkg.com/isexe/-/isexe-2.0.0.tgz#e8fbf374dc556ff8947a10dcb0572d633f2cfa10"

isobject@^2.0.0:
  version "2.1.0"
  resolved "https://registry.yarnpkg.com/isobject/-/isobject-2.1.0.tgz#f065561096a3f1da2ef46272f815c840d87e0c89"
  dependencies:
    isarray "1.0.0"

js-sha3@^0.3.1:
  version "0.3.1"
  resolved "https://registry.yarnpkg.com/js-sha3/-/js-sha3-0.3.1.tgz#86122802142f0828502a0d1dee1d95e253bb0243"

keccak@^1.0.2, keccak@^1.4.0:
  version "1.4.0"
  resolved "https://registry.yarnpkg.com/keccak/-/keccak-1.4.0.tgz#572f8a6dbee8e7b3aa421550f9e6408ca2186f80"
  dependencies:
    bindings "^1.2.1"
    inherits "^2.0.3"
    nan "^2.2.1"
    safe-buffer "^5.1.0"

keccakjs@^0.2.0:
  version "0.2.1"
  resolved "https://registry.yarnpkg.com/keccakjs/-/keccakjs-0.2.1.tgz#1d633af907ef305bbf9f2fa616d56c44561dfa4d"
  dependencies:
    browserify-sha3 "^0.0.1"
    sha3 "^1.1.0"

kind-of@^3.0.2:
  version "3.2.2"
  resolved "https://registry.yarnpkg.com/kind-of/-/kind-of-3.2.2.tgz#31ea21a734bab9bbb0f32466d893aea51e4a3c64"
  dependencies:
    is-buffer "^1.1.5"

kind-of@^6.0.0:
  version "6.0.2"
  resolved "https://registry.yarnpkg.com/kind-of/-/kind-of-6.0.2.tgz#01146b36a6218e64e58f3a8d66de5d7fc6f6d051"

level-blobs@^0.1.7:
  version "0.1.7"
  resolved "https://registry.yarnpkg.com/level-blobs/-/level-blobs-0.1.7.tgz#9ab9b97bb99f1edbf9f78a3433e21ed56386bdaf"
  dependencies:
    level-peek "1.0.6"
    once "^1.3.0"
    readable-stream "^1.0.26-4"

level-filesystem@^1.0.1:
  version "1.2.0"
  resolved "https://registry.yarnpkg.com/level-filesystem/-/level-filesystem-1.2.0.tgz#a00aca9919c4a4dfafdca6a8108d225aadff63b3"
  dependencies:
    concat-stream "^1.4.4"
    errno "^0.1.1"
    fwd-stream "^1.0.4"
    level-blobs "^0.1.7"
    level-peek "^1.0.6"
    level-sublevel "^5.2.0"
    octal "^1.0.0"
    once "^1.3.0"
    xtend "^2.2.0"

level-fix-range@2.0:
  version "2.0.0"
  resolved "https://registry.yarnpkg.com/level-fix-range/-/level-fix-range-2.0.0.tgz#c417d62159442151a19d9a2367868f1724c2d548"
  dependencies:
    clone "~0.1.9"

level-fix-range@~1.0.2:
  version "1.0.2"
  resolved "https://registry.yarnpkg.com/level-fix-range/-/level-fix-range-1.0.2.tgz#bf15b915ae36d8470c821e883ddf79cd16420828"

"level-hooks@>=4.4.0 <5":
  version "4.5.0"
  resolved "https://registry.yarnpkg.com/level-hooks/-/level-hooks-4.5.0.tgz#1b9ae61922930f3305d1a61fc4d83c8102c0dd93"
  dependencies:
    string-range "~1.2"

level-js@^2.1.3:
  version "2.2.4"
  resolved "https://registry.yarnpkg.com/level-js/-/level-js-2.2.4.tgz#bc055f4180635d4489b561c9486fa370e8c11697"
  dependencies:
    abstract-leveldown "~0.12.0"
    idb-wrapper "^1.5.0"
    isbuffer "~0.0.0"
    ltgt "^2.1.2"
    typedarray-to-buffer "~1.0.0"
    xtend "~2.1.2"

level-peek@1.0.6, level-peek@^1.0.6:
  version "1.0.6"
  resolved "https://registry.yarnpkg.com/level-peek/-/level-peek-1.0.6.tgz#bec51c72a82ee464d336434c7c876c3fcbcce77f"
  dependencies:
    level-fix-range "~1.0.2"

level-sublevel@^5.2.0:
  version "5.2.3"
  resolved "https://registry.yarnpkg.com/level-sublevel/-/level-sublevel-5.2.3.tgz#744c12c72d2e72be78dde3b9b5cd84d62191413a"
  dependencies:
    level-fix-range "2.0"
    level-hooks ">=4.4.0 <5"
    string-range "~1.2.1"
    xtend "~2.0.4"

levelup@^0.18.2:
  version "0.18.6"
  resolved "https://registry.yarnpkg.com/levelup/-/levelup-0.18.6.tgz#e6a01cb089616c8ecc0291c2a9bd3f0c44e3e5eb"
  dependencies:
    bl "~0.8.1"
    deferred-leveldown "~0.2.0"
    errno "~0.1.1"
    prr "~0.0.0"
    readable-stream "~1.0.26"
    semver "~2.3.1"
    xtend "~3.0.0"

locate-path@^2.0.0:
  version "2.0.0"
  resolved "https://registry.yarnpkg.com/locate-path/-/locate-path-2.0.0.tgz#2b568b265eec944c6d9c0de9c3dbbbca0354cd8e"
  dependencies:
    p-locate "^2.0.0"
    path-exists "^3.0.0"

lru-cache@^4.0.1:
  version "4.1.3"
  resolved "https://registry.yarnpkg.com/lru-cache/-/lru-cache-4.1.3.tgz#a1175cf3496dfc8436c156c334b4955992bce69c"
  dependencies:
    pseudomap "^1.0.2"
    yallist "^2.1.2"

ltgt@^2.1.2:
  version "2.2.1"
  resolved "https://registry.yarnpkg.com/ltgt/-/ltgt-2.2.1.tgz#f35ca91c493f7b73da0e07495304f17b31f87ee5"

magic-string@^0.22.4:
  version "0.22.5"
  resolved "https://registry.yarnpkg.com/magic-string/-/magic-string-0.22.5.tgz#8e9cf5afddf44385c1da5bc2a6a0dbd10b03657e"
  dependencies:
    vlq "^0.2.2"

math-random@^1.0.1:
  version "1.0.1"
  resolved "https://registry.yarnpkg.com/math-random/-/math-random-1.0.1.tgz#8b3aac588b8a66e4975e3cdea67f7bb329601fac"

md5.js@^1.3.4:
  version "1.3.4"
  resolved "https://registry.yarnpkg.com/md5.js/-/md5.js-1.3.4.tgz#e9bdbde94a20a5ac18b04340fc5764d5b09d901d"
  dependencies:
    hash-base "^3.0.0"
    inherits "^2.0.1"

micromatch@^2.3.11:
  version "2.3.11"
  resolved "https://registry.yarnpkg.com/micromatch/-/micromatch-2.3.11.tgz#86677c97d1720b363431d04d0d15293bd38c1565"
  dependencies:
    arr-diff "^2.0.0"
    array-unique "^0.2.1"
    braces "^1.8.2"
    expand-brackets "^0.1.4"
    extglob "^0.3.1"
    filename-regex "^2.0.0"
    is-extglob "^1.0.0"
    is-glob "^2.0.1"
    kind-of "^3.0.2"
    normalize-path "^2.0.1"
    object.omit "^2.0.0"
    parse-glob "^3.0.4"
    regex-cache "^0.4.2"

miller-rabin@^4.0.0:
  version "4.0.1"
  resolved "https://registry.yarnpkg.com/miller-rabin/-/miller-rabin-4.0.1.tgz#f080351c865b0dc562a8462966daa53543c78a4d"
  dependencies:
    bn.js "^4.0.0"
    brorand "^1.0.1"

minimalistic-assert@^1.0.0, minimalistic-assert@^1.0.1:
  version "1.0.1"
  resolved "https://registry.yarnpkg.com/minimalistic-assert/-/minimalistic-assert-1.0.1.tgz#2e194de044626d4a10e7f7fbc00ce73e83e4d5c7"

minimalistic-crypto-utils@^1.0.0, minimalistic-crypto-utils@^1.0.1:
  version "1.0.1"
  resolved "https://registry.yarnpkg.com/minimalistic-crypto-utils/-/minimalistic-crypto-utils-1.0.1.tgz#f6c00c1c0b082246e5c4d99dfb8c7c083b2b582a"

mri@^1.1.0:
  version "1.1.1"
  resolved "https://registry.yarnpkg.com/mri/-/mri-1.1.1.tgz#85aa26d3daeeeedf80dc5984af95cc5ca5cad9f1"

nan@2.10.0, nan@^2.0.8, nan@^2.2.1:
  version "2.10.0"
  resolved "https://registry.yarnpkg.com/nan/-/nan-2.10.0.tgz#96d0cd610ebd58d4b4de9cc0c6828cda99c7548f"

normalize-path@^1.0.0:
  version "1.0.0"
  resolved "https://registry.yarnpkg.com/normalize-path/-/normalize-path-1.0.0.tgz#32d0e472f91ff345701c15a8311018d3b0a90379"

normalize-path@^2.0.1:
  version "2.1.1"
  resolved "https://registry.yarnpkg.com/normalize-path/-/normalize-path-2.1.1.tgz#1ab28b556e198363a8c1a6f7e6fa20137fe6aed9"
  dependencies:
    remove-trailing-separator "^1.0.1"

npm-run-path@^2.0.0:
  version "2.0.2"
  resolved "https://registry.yarnpkg.com/npm-run-path/-/npm-run-path-2.0.2.tgz#35a9232dfa35d7067b4cb2ddf2357b1871536c5f"
  dependencies:
    path-key "^2.0.0"

object-keys@~0.2.0:
  version "0.2.0"
  resolved "https://registry.yarnpkg.com/object-keys/-/object-keys-0.2.0.tgz#cddec02998b091be42bf1035ae32e49f1cb6ea67"
  dependencies:
    foreach "~2.0.1"
    indexof "~0.0.1"
    is "~0.2.6"

object-keys@~0.4.0:
  version "0.4.0"
  resolved "https://registry.yarnpkg.com/object-keys/-/object-keys-0.4.0.tgz#28a6aae7428dd2c3a92f3d95f21335dd204e0336"

object.omit@^2.0.0:
  version "2.0.1"
  resolved "https://registry.yarnpkg.com/object.omit/-/object.omit-2.0.1.tgz#1a9c744829f39dbb858c76ca3579ae2a54ebd1fa"
  dependencies:
    for-own "^0.1.4"
    is-extendable "^0.1.1"

octal@^1.0.0:
  version "1.0.0"
  resolved "https://registry.yarnpkg.com/octal/-/octal-1.0.0.tgz#63e7162a68efbeb9e213588d58e989d1e5c4530b"

once@^1.3.0:
  version "1.4.0"
  resolved "https://registry.yarnpkg.com/once/-/once-1.4.0.tgz#583b1aa775961d4b113ac17d9c50baef9dd76bd1"
  dependencies:
    wrappy "1"

p-finally@^1.0.0:
  version "1.0.0"
  resolved "https://registry.yarnpkg.com/p-finally/-/p-finally-1.0.0.tgz#3fbcfb15b899a44123b34b6dcc18b724336a2cae"

p-limit@^1.1.0:
  version "1.3.0"
  resolved "https://registry.yarnpkg.com/p-limit/-/p-limit-1.3.0.tgz#b86bd5f0c25690911c7590fcbfc2010d54b3ccb8"
  dependencies:
    p-try "^1.0.0"

p-locate@^2.0.0:
  version "2.0.0"
  resolved "https://registry.yarnpkg.com/p-locate/-/p-locate-2.0.0.tgz#20a0103b222a70c8fd39cc2e580680f3dde5ec43"
  dependencies:
    p-limit "^1.1.0"

p-try@^1.0.0:
  version "1.0.0"
  resolved "https://registry.yarnpkg.com/p-try/-/p-try-1.0.0.tgz#cbc79cdbaf8fd4228e13f621f2b1a237c1b207b3"

parse-asn1@^5.0.0:
  version "5.1.1"
  resolved "https://registry.yarnpkg.com/parse-asn1/-/parse-asn1-5.1.1.tgz#f6bf293818332bd0dab54efb16087724745e6ca8"
  dependencies:
    asn1.js "^4.0.0"
    browserify-aes "^1.0.0"
    create-hash "^1.1.0"
    evp_bytestokey "^1.0.0"
    pbkdf2 "^3.0.3"

parse-glob@^3.0.4:
  version "3.0.4"
  resolved "https://registry.yarnpkg.com/parse-glob/-/parse-glob-3.0.4.tgz#b2c376cfb11f35513badd173ef0bb6e3a388391c"
  dependencies:
    glob-base "^0.3.0"
    is-dotfile "^1.0.0"
    is-extglob "^1.0.0"
    is-glob "^2.0.0"

path-exists@^3.0.0:
  version "3.0.0"
  resolved "https://registry.yarnpkg.com/path-exists/-/path-exists-3.0.0.tgz#ce0ebeaa5f78cb18925ea7d810d7b59b010fd515"

path-key@^2.0.0:
  version "2.0.1"
  resolved "https://registry.yarnpkg.com/path-key/-/path-key-2.0.1.tgz#411cadb574c5a140d3a4b1910d40d80cc9f40b40"

path-parse@^1.0.5:
  version "1.0.5"
  resolved "https://registry.yarnpkg.com/path-parse/-/path-parse-1.0.5.tgz#3c1adf871ea9cd6c9431b6ea2bd74a0ff055c4c1"

pbkdf2@^3.0.3:
  version "3.0.16"
  resolved "https://registry.yarnpkg.com/pbkdf2/-/pbkdf2-3.0.16.tgz#7404208ec6b01b62d85bf83853a8064f8d9c2a5c"
  dependencies:
    create-hash "^1.1.2"
    create-hmac "^1.1.4"
    ripemd160 "^2.0.1"
    safe-buffer "^5.0.1"
    sha.js "^2.4.8"

preserve@^0.2.0:
  version "0.2.0"
  resolved "https://registry.yarnpkg.com/preserve/-/preserve-0.2.0.tgz#815ed1f6ebc65926f865b310c0713bcb3315ce4b"

prettier@1.13.7:
  version "1.13.7"
  resolved "https://registry.yarnpkg.com/prettier/-/prettier-1.13.7.tgz#850f3b8af784a49a6ea2d2eaa7ed1428a34b7281"

pretty-quick@^1.6.0:
  version "1.6.0"
  resolved "https://registry.yarnpkg.com/pretty-quick/-/pretty-quick-1.6.0.tgz#afc3591eb5c4cf37614a305d489a8a40e57c9258"
  dependencies:
    chalk "^2.3.0"
    execa "^0.8.0"
    find-up "^2.1.0"
    ignore "^3.3.7"
    mri "^1.1.0"

process-es6@^0.11.2, process-es6@^0.11.6:
  version "0.11.6"
  resolved "https://registry.yarnpkg.com/process-es6/-/process-es6-0.11.6.tgz#c6bb389f9a951f82bd4eb169600105bd2ff9c778"

process-nextick-args@~2.0.0:
  version "2.0.0"
  resolved "https://registry.yarnpkg.com/process-nextick-args/-/process-nextick-args-2.0.0.tgz#a37d732f4271b4ab1ad070d35508e8290788ffaa"

prr@~0.0.0:
  version "0.0.0"
  resolved "https://registry.yarnpkg.com/prr/-/prr-0.0.0.tgz#1a84b85908325501411853d0081ee3fa86e2926a"

prr@~1.0.1:
  version "1.0.1"
  resolved "https://registry.yarnpkg.com/prr/-/prr-1.0.1.tgz#d3fc114ba06995a45ec6893f484ceb1d78f5f476"

pseudomap@^1.0.2:
  version "1.0.2"
  resolved "https://registry.yarnpkg.com/pseudomap/-/pseudomap-1.0.2.tgz#f052a28da70e618917ef0a8ac34c1ae5a68286b3"

public-encrypt@^4.0.0:
  version "4.0.2"
  resolved "https://registry.yarnpkg.com/public-encrypt/-/public-encrypt-4.0.2.tgz#46eb9107206bf73489f8b85b69d91334c6610994"
  dependencies:
    bn.js "^4.1.0"
    browserify-rsa "^4.0.0"
    create-hash "^1.1.0"
    parse-asn1 "^5.0.0"
    randombytes "^2.0.1"

randomatic@^3.0.0:
  version "3.0.0"
  resolved "https://registry.yarnpkg.com/randomatic/-/randomatic-3.0.0.tgz#d35490030eb4f7578de292ce6dfb04a91a128923"
  dependencies:
    is-number "^4.0.0"
    kind-of "^6.0.0"
    math-random "^1.0.1"

randombytes@^2.0.0, randombytes@^2.0.1, randombytes@^2.0.5:
  version "2.0.6"
  resolved "https://registry.yarnpkg.com/randombytes/-/randombytes-2.0.6.tgz#d302c522948588848a8d300c932b44c24231da80"
  dependencies:
    safe-buffer "^5.1.0"

randomfill@^1.0.3:
  version "1.0.4"
  resolved "https://registry.yarnpkg.com/randomfill/-/randomfill-1.0.4.tgz#c92196fc86ab42be983f1bf31778224931d61458"
  dependencies:
    randombytes "^2.0.5"
    safe-buffer "^5.1.0"

randomhex@0.1.5:
  version "0.1.5"
  resolved "https://registry.yarnpkg.com/randomhex/-/randomhex-0.1.5.tgz#baceef982329091400f2a2912c6cd02f1094f585"

readable-stream@^1.0.26-4:
  version "1.1.14"
  resolved "https://registry.yarnpkg.com/readable-stream/-/readable-stream-1.1.14.tgz#7cf4c54ef648e3813084c636dd2079e166c081d9"
  dependencies:
    core-util-is "~1.0.0"
    inherits "~2.0.1"
    isarray "0.0.1"
    string_decoder "~0.10.x"

readable-stream@^2.2.2:
  version "2.3.6"
  resolved "https://registry.yarnpkg.com/readable-stream/-/readable-stream-2.3.6.tgz#b11c27d88b8ff1fbe070643cf94b0c79ae1b0aaf"
  dependencies:
    core-util-is "~1.0.0"
    inherits "~2.0.3"
    isarray "~1.0.0"
    process-nextick-args "~2.0.0"
    safe-buffer "~5.1.1"
    string_decoder "~1.1.1"
    util-deprecate "~1.0.1"

readable-stream@~1.0.26, readable-stream@~1.0.26-4:
  version "1.0.34"
  resolved "https://registry.yarnpkg.com/readable-stream/-/readable-stream-1.0.34.tgz#125820e34bc842d2f2aaafafe4c2916ee32c157c"
  dependencies:
    core-util-is "~1.0.0"
    inherits "~2.0.1"
    isarray "0.0.1"
    string_decoder "~0.10.x"

regex-cache@^0.4.2:
  version "0.4.4"
  resolved "https://registry.yarnpkg.com/regex-cache/-/regex-cache-0.4.4.tgz#75bdc58a2a1496cec48a12835bc54c8d562336dd"
  dependencies:
    is-equal-shallow "^0.1.3"

remove-trailing-separator@^1.0.1:
  version "1.1.0"
  resolved "https://registry.yarnpkg.com/remove-trailing-separator/-/remove-trailing-separator-1.1.0.tgz#c24bce2a283adad5bc3f58e0d48249b92379d8ef"

repeat-element@^1.1.2:
  version "1.1.2"
  resolved "https://registry.yarnpkg.com/repeat-element/-/repeat-element-1.1.2.tgz#ef089a178d1483baae4d93eb98b4f9e4e11d990a"

repeat-string@^1.5.2:
  version "1.6.1"
  resolved "https://registry.yarnpkg.com/repeat-string/-/repeat-string-1.6.1.tgz#8dcae470e1c88abc2d600fff4a776286da75e637"

resolve@^1.1.6, resolve@^1.5.0:
  version "1.8.1"
  resolved "https://registry.yarnpkg.com/resolve/-/resolve-1.8.1.tgz#82f1ec19a423ac1fbd080b0bab06ba36e84a7a26"
  dependencies:
    path-parse "^1.0.5"

ripemd160@^2.0.0, ripemd160@^2.0.1:
  version "2.0.2"
  resolved "https://registry.yarnpkg.com/ripemd160/-/ripemd160-2.0.2.tgz#a1c1a6f624751577ba5d07914cbc92850585890c"
  dependencies:
    hash-base "^3.0.0"
    inherits "^2.0.1"

rlp@^2.0.0:
  version "2.1.0"
  resolved "https://registry.yarnpkg.com/rlp/-/rlp-2.1.0.tgz#e4f9886d5a982174f314543831e36e1a658460f9"
  dependencies:
    safe-buffer "^5.1.1"

rollup-plugin-commonjs@^9.1.3:
  version "9.1.3"
  resolved "https://registry.yarnpkg.com/rollup-plugin-commonjs/-/rollup-plugin-commonjs-9.1.3.tgz#37bfbf341292ea14f512438a56df8f9ca3ba4d67"
  dependencies:
    estree-walker "^0.5.1"
    magic-string "^0.22.4"
    resolve "^1.5.0"
    rollup-pluginutils "^2.0.1"

rollup-plugin-json@^3.0.0:
  version "3.0.0"
  resolved "https://registry.yarnpkg.com/rollup-plugin-json/-/rollup-plugin-json-3.0.0.tgz#aeed2ff36e6c4fd0c60c4a8fc3d0884479e9dfce"
  dependencies:
    rollup-pluginutils "^2.2.0"

rollup-plugin-node-builtins@^2.1.2:
  version "2.1.2"
  resolved "https://registry.yarnpkg.com/rollup-plugin-node-builtins/-/rollup-plugin-node-builtins-2.1.2.tgz#24a1fed4a43257b6b64371d8abc6ce1ab14597e9"
  dependencies:
    browserify-fs "^1.0.0"
    buffer-es6 "^4.9.2"
    crypto-browserify "^3.11.0"
    process-es6 "^0.11.2"

rollup-plugin-node-globals@^1.2.1:
  version "1.2.1"
  resolved "https://registry.yarnpkg.com/rollup-plugin-node-globals/-/rollup-plugin-node-globals-1.2.1.tgz#2bd8309c19a0390b54cfac19a3bc13eabf3e5541"
  dependencies:
    acorn "^5.5.0"
    buffer-es6 "^4.9.3"
    estree-walker "^0.5.1"
    magic-string "^0.22.4"
    process-es6 "^0.11.6"
    rollup-pluginutils "^2.0.1"

rollup-plugin-node-resolve@^3.3.0:
  version "3.3.0"
  resolved "https://registry.yarnpkg.com/rollup-plugin-node-resolve/-/rollup-plugin-node-resolve-3.3.0.tgz#c26d110a36812cbefa7ce117cadcd3439aa1c713"
  dependencies:
    builtin-modules "^2.0.0"
    is-module "^1.0.0"
    resolve "^1.1.6"

rollup-pluginutils@^2.0.1, rollup-pluginutils@^2.2.0:
  version "2.3.0"
  resolved "https://registry.yarnpkg.com/rollup-pluginutils/-/rollup-pluginutils-2.3.0.tgz#478ace04bd7f6da2e724356ca798214884738fc4"
  dependencies:
    estree-walker "^0.5.2"
    micromatch "^2.3.11"

rollup@^0.63.2:
  version "0.63.2"
  resolved "https://registry.yarnpkg.com/rollup/-/rollup-0.63.2.tgz#d27619204cd025c948d740972fb1d0da6aa64481"
  dependencies:
    "@types/estree" "0.0.39"
    "@types/node" "*"

safe-buffer@^5.0.1, safe-buffer@^5.1.0, safe-buffer@^5.1.1, safe-buffer@^5.1.2, safe-buffer@~5.1.0, safe-buffer@~5.1.1:
  version "5.1.2"
  resolved "https://registry.yarnpkg.com/safe-buffer/-/safe-buffer-5.1.2.tgz#991ec69d296e0313747d59bdfd2b745c35f8828d"

scrypt.js@^0.2.0:
  version "0.2.0"
  resolved "https://registry.yarnpkg.com/scrypt.js/-/scrypt.js-0.2.0.tgz#af8d1465b71e9990110bedfc593b9479e03a8ada"
  dependencies:
    scrypt "^6.0.2"
    scryptsy "^1.2.1"

scrypt@^6.0.2:
  version "6.0.3"
  resolved "https://registry.yarnpkg.com/scrypt/-/scrypt-6.0.3.tgz#04e014a5682b53fa50c2d5cce167d719c06d870d"
  dependencies:
    nan "^2.0.8"

scryptsy@^1.2.1:
  version "1.2.1"
  resolved "https://registry.yarnpkg.com/scryptsy/-/scryptsy-1.2.1.tgz#a3225fa4b2524f802700761e2855bdf3b2d92163"
  dependencies:
    pbkdf2 "^3.0.3"

secp256k1@^3.0.1:
  version "3.5.0"
  resolved "https://registry.yarnpkg.com/secp256k1/-/secp256k1-3.5.0.tgz#677d3b8a8e04e1a5fa381a1ae437c54207b738d0"
  dependencies:
    bindings "^1.2.1"
    bip66 "^1.1.3"
    bn.js "^4.11.3"
    create-hash "^1.1.2"
    drbg.js "^1.0.1"
    elliptic "^6.2.3"
    nan "^2.2.1"
    safe-buffer "^5.1.0"

semver@~2.3.1:
  version "2.3.2"
  resolved "https://registry.yarnpkg.com/semver/-/semver-2.3.2.tgz#b9848f25d6cf36333073ec9ef8856d42f1233e52"

sha.js@^2.4.0, sha.js@^2.4.8:
  version "2.4.11"
  resolved "https://registry.yarnpkg.com/sha.js/-/sha.js-2.4.11.tgz#37a5cf0b81ecbc6943de109ba2960d1b26584ae7"
  dependencies:
    inherits "^2.0.1"
    safe-buffer "^5.0.1"

sha3@^1.1.0:
  version "1.2.2"
  resolved "https://registry.yarnpkg.com/sha3/-/sha3-1.2.2.tgz#a66c5098de4c25bc88336ec8b4817d005bca7ba9"
  dependencies:
    nan "2.10.0"

shebang-command@^1.2.0:
  version "1.2.0"
  resolved "https://registry.yarnpkg.com/shebang-command/-/shebang-command-1.2.0.tgz#44aac65b695b03398968c39f363fee5deafdf1ea"
  dependencies:
    shebang-regex "^1.0.0"

shebang-regex@^1.0.0:
  version "1.0.0"
  resolved "https://registry.yarnpkg.com/shebang-regex/-/shebang-regex-1.0.0.tgz#da42f49740c0b42db2ca9728571cb190c98efea3"

signal-exit@^3.0.0:
  version "3.0.2"
  resolved "https://registry.yarnpkg.com/signal-exit/-/signal-exit-3.0.2.tgz#b5fdc08f1287ea1178628e415e25132b73646c6d"

string-range@~1.2, string-range@~1.2.1:
  version "1.2.2"
  resolved "https://registry.yarnpkg.com/string-range/-/string-range-1.2.2.tgz#a893ed347e72299bc83befbbf2a692a8d239d5dd"

string_decoder@~0.10.x:
  version "0.10.31"
  resolved "https://registry.yarnpkg.com/string_decoder/-/string_decoder-0.10.31.tgz#62e203bc41766c6c28c9fc84301dab1c5310fa94"

string_decoder@~1.1.1:
  version "1.1.1"
  resolved "https://registry.yarnpkg.com/string_decoder/-/string_decoder-1.1.1.tgz#9cf1611ba62685d7030ae9e4ba34149c3af03fc8"
  dependencies:
    safe-buffer "~5.1.0"

strip-eof@^1.0.0:
  version "1.0.0"
  resolved "https://registry.yarnpkg.com/strip-eof/-/strip-eof-1.0.0.tgz#bb43ff5598a6eb05d89b59fcd129c983313606bf"

strip-hex-prefix@1.0.0, strip-hex-prefix@^1.0.0:
  version "1.0.0"
  resolved "https://registry.yarnpkg.com/strip-hex-prefix/-/strip-hex-prefix-1.0.0.tgz#0c5f155fef1151373377de9dbb588da05500e36f"
  dependencies:
    is-hex-prefixed "1.0.0"

strip-indent@^2.0.0:
  version "2.0.0"
  resolved "https://registry.yarnpkg.com/strip-indent/-/strip-indent-2.0.0.tgz#5ef8db295d01e6ed6cbf7aab96998d7822527b68"

supports-color@^5.3.0:
  version "5.4.0"
  resolved "https://registry.yarnpkg.com/supports-color/-/supports-color-5.4.0.tgz#1c6b337402c2137605efe19f10fec390f6faab54"
  dependencies:
    has-flag "^3.0.0"

typedarray-to-buffer@~1.0.0:
  version "1.0.4"
  resolved "https://registry.yarnpkg.com/typedarray-to-buffer/-/typedarray-to-buffer-1.0.4.tgz#9bb8ba0e841fb3f4cf1fe7c245e9f3fa8a5fe99c"

typedarray@^0.0.6:
  version "0.0.6"
  resolved "https://registry.yarnpkg.com/typedarray/-/typedarray-0.0.6.tgz#867ac74e3864187b1d3d47d996a78ec5c8830777"

utf8@^2.1.1:
  version "2.1.2"
  resolved "https://registry.yarnpkg.com/utf8/-/utf8-2.1.2.tgz#1fa0d9270e9be850d9b05027f63519bf46457d96"

util-deprecate@~1.0.1:
  version "1.0.2"
  resolved "https://registry.yarnpkg.com/util-deprecate/-/util-deprecate-1.0.2.tgz#450d4dc9fa70de732762fbd2d4a28981419a0ccf"

uuid@^2.0.1:
  version "2.0.3"
  resolved "https://registry.yarnpkg.com/uuid/-/uuid-2.0.3.tgz#67e2e863797215530dff318e5bf9dcebfd47b21a"

uuid@^3.3.2:
  version "3.3.2"
  resolved "https://registry.yarnpkg.com/uuid/-/uuid-3.3.2.tgz#1b4af4955eb3077c501c23872fc6513811587131"

vlq@^0.2.2:
  version "0.2.3"
  resolved "https://registry.yarnpkg.com/vlq/-/vlq-0.2.3.tgz#8f3e4328cf63b1540c0d67e1b2778386f8975b26"

which@^1.2.9:
  version "1.3.1"
  resolved "https://registry.yarnpkg.com/which/-/which-1.3.1.tgz#a45043d54f5805316da8d62f9f50918d3da70b0a"
  dependencies:
    isexe "^2.0.0"

wrappy@1:
  version "1.0.2"
  resolved "https://registry.yarnpkg.com/wrappy/-/wrappy-1.0.2.tgz#b5243d8f3ec1aa35f1364605bc0d1036e30ab69f"

xtend@^2.2.0:
  version "2.2.0"
  resolved "https://registry.yarnpkg.com/xtend/-/xtend-2.2.0.tgz#eef6b1f198c1c8deafad8b1765a04dad4a01c5a9"

xtend@~2.0.4:
  version "2.0.6"
  resolved "https://registry.yarnpkg.com/xtend/-/xtend-2.0.6.tgz#5ea657a6dba447069c2e59c58a1138cb0c5e6cee"
  dependencies:
    is-object "~0.1.2"
    object-keys "~0.2.0"

xtend@~2.1.2:
  version "2.1.2"
  resolved "https://registry.yarnpkg.com/xtend/-/xtend-2.1.2.tgz#6efecc2a4dad8e6962c4901b337ce7ba87b5d28b"
  dependencies:
    object-keys "~0.4.0"

xtend@~3.0.0:
  version "3.0.0"
  resolved "https://registry.yarnpkg.com/xtend/-/xtend-3.0.0.tgz#5cce7407baf642cba7becda568111c493f59665a"

yallist@^2.1.2:
  version "2.1.2"
  resolved "https://registry.yarnpkg.com/yallist/-/yallist-2.1.2.tgz#1c11f9218f076089a47dd512f93c6699a6a81d52"
